{
  "name": "vulnerable-app",
  "lockfileVersion": 2,
  "requires": true,
  "packages": {
    "": {
      "name": "vulnerable-app",
      "version": "1.0.0",
      "dependencies": {
        "got": "6.7.1"
      }
    },
    "node_modules/got": {
      "version": "6.7.1",
      "resolved": "https://registry.npmjs.org/got/-/got-6.7.1.tgz",
      "integrity": "sha512-JYa4xQ+AyAMp9hUoobQqFJ/N71Xs07AYRflSgVdMnb2ZskmsnxH9/O7yOaUMT0bJZrsBZGzvKjC7sGvFhgfbIg==",
      "engines": {
        "node": ">=4"
      }
    }
  },
  "dependencies": {
    "got": {
      "version": "6.7.1",
      "resolved": "https://registry.npmjs.org/got/-/got-6.7.1.tgz",
      "integrity": "sha512-JYa4xQ+AyAMp9hUoobQqFJ/N71Xs07AYRflSgVdMnb2ZskmsnxH9/O7yOaUMT0bJZrsBZGzvKjC7sGvFhgfbIg=="
    }
  }
}

